
Microsoft Visual Studio Solution File, Format Version 12.00
# Visual Studio 14
VisualStudioVersion = 14.0.25420.1
MinimumVisualStudioVersion = 10.0.40219.1
Project("{FAE04EC0-301F-11D3-BF4B-00C04F79EFBC}") = "AdoEntityFramework", "AdoEntityFramework\AdoEntityFramework.csproj", "{3531A393-528F-4FFE-A53F-2CDBE4A9A76C}"
EndProject
Project("{FAE04EC0-301F-11D3-BF4B-00C04F79EFBC}") = "EmployeeConsole", "EmployeeConsole\EmployeeConsole.csproj", "{675F91EE-E7F5-44AD-9EE9-56064784A557}"
EndProject
Global
	GlobalSection(SolutionConfigurationPlatforms) = preSolution
		Debug|Any CPU = Debug|Any CPU
		Release|Any CPU = Release|Any CPU
	EndGlobalSection
	GlobalSection(ProjectConfigurationPlatforms) = postSolution
		{3531A393-528F-4FFE-A53F-2CDBE4A9A76C}.Debug|Any CPU.ActiveCfg = Debug|Any CPU
		{3531A393-528F-4FFE-A53F-2CDBE4A9A76C}.Debug|Any CPU.Build.0 = Debug|Any CPU
		{3531A393-528F-4FFE-A53F-2CDBE4A9A76C}.Release|Any CPU.ActiveCfg = Release|Any CPU
		{3531A393-528F-4FFE-A53F-2CDBE4A9A76C}.Release|Any CPU.Build.0 = Release|Any CPU
		{675F91EE-E7F5-44AD-9EE9-56064784A557}.Debug|Any CPU.ActiveCfg = Debug|Any CPU
		{675F91EE-E7F5-44AD-9EE9-56064784A557}.Debug|Any CPU.Build.0 = Debug|Any CPU
		{675F91EE-E7F5-44AD-9EE9-56064784A557}.Release|Any CPU.ActiveCfg = Release|Any CPU
		{675F91EE-E7F5-44AD-9EE9-56064784A557}.Release|Any CPU.Build.0 = Release|Any CPU
	EndGlobalSection
	GlobalSection(SolutionProperties) = preSolution
		HideSolutionNode = FALSE
	EndGlobalSection
EndGlobal
